// !$*UTF8*$!
{
	archiveVersion = 1;
	classes = {
	};
	objectVersion = 50;
	objects = {

/* Begin PBXBuildFile section */
		9982E94E251D26E0006D3EFD /* AppDelegate.swift in Sources */ = {isa = PBXBuildFile; fileRef = 9982E94D251D26E0006D3EFD /* AppDelegate.swift */; };
		9982E950251D26E0006D3EFD /* SceneDelegate.swift in Sources */ = {isa = PBXBuildFile; fileRef = 9982E94F251D26E0006D3EFD /* SceneDelegate.swift */; };
		9982E952251D26E0006D3EFD /* ViewController.swift in Sources */ = {isa = PBXBuildFile; fileRef = 9982E951251D26E0006D3EFD /* ViewController.swift */; };
		9982E955251D26E0006D3EFD /* Main.storyboard in Resources */ = {isa = PBXBuildFile; fileRef = 9982E953251D26E0006D3EFD /* Main.storyboard */; };
		9982E957251D26E1006D3EFD /* Assets.xcassets in Resources */ = {isa = PBXBuildFile; fileRef = 9982E956251D26E1006D3EFD /* Assets.xcassets */; };
		9982E95A251D26E1006D3EFD /* LaunchScreen.storyboard in Resources */ = {isa = PBXBuildFile; fileRef = 9982E958251D26E1006D3EFD /* LaunchScreen.storyboard */; };
		9982E964251D2743006D3EFD /* RGBView.swift in Sources */ = {isa = PBXBuildFile; fileRef = 9982E963251D2743006D3EFD /* RGBView.swift */; };
/* End PBXBuildFile section */

/* Begin PBXFileReference section */
		9982E94A251D26E0006D3EFD /* Using A Custom View.app */ = {isa = PBXFileReference; explicitFileType = wrapper.application; includeInIndex = 0; path = "Using A Custom View.app"; sourceTree = BUILT_PRODUCTS_DIR; };
		9982E94D251D26E0006D3EFD /* AppDelegate.swift */ = {isa = PBXFileReference; lastKnownFileType = sourcecode.swift; path = AppDelegate.swift; sourceTree = "<group>"; };
		9982E94F251D26E0006D3EFD /* SceneDelegate.swift */ = {isa = PBXFileReference; lastKnownFileType = sourcecode.swift; path = SceneDelegate.swift; sourceTree = "<group>"; };
		9982E951251D26E0006D3EFD /* ViewController.swift */ = {isa = PBXFileReference; lastKnownFileType = sourcecode.swift; path = ViewController.swift; sourceTree = "<group>"; };
		9982E954251D26E0006D3EFD /* Base */ = {isa = PBXFileReference; lastKnownFileType = file.storyboard; name = Base; path = Base.lproj/Main.storyboard; sourceTree = "<group>"; };
		9982E956251D26E1006D3EFD /* Assets.xcassets */ = {isa = PBXFileReference; lastKnownFileType = folder.assetcatalog; path = Assets.xcassets; sourceTree = "<group>"; };
		9982E959251D26E1006D3EFD /* Base */ = {isa = PBXFileReference; lastKnownFileType = file.storyboard; name = Base; path = Base.lproj/LaunchScreen.storyboard; sourceTree = "<group>"; };
		9982E95B251D26E1006D3EFD /* Info.plist */ = {isa = PBXFileReference; lastKnownFileType = text.plist.xml; path = Info.plist; sourceTree = "<group>"; };
		9982E963251D2743006D3EFD /* RGBView.swift */ = {isa = PBXFileReference; lastKnownFileType = sourcecode.swift; path = RGBView.swift; sourceTree = "<group>"; };
/* End PBXFileReference section */

/* Begin PBXFrameworksBuildPhase section */
		9982E947251D26E0006D3EFD /* Frameworks */ = {
			isa = PBXFrameworksBuildPhase;
			buildActionMask = 2147483647;
			files = (
			);
			runOnlyForDeploymentPostprocessing = 0;
		};
/* End PBXFrameworksBuildPhase section */

/* Begin PBXGroup section */
		9982E941251D26E0006D3EFD = {
			isa = PBXGroup;
			children = (
				9982E94C251D26E0006D3EFD /* Using A Custom View */,
				9982E94B251D26E0006D3EFD /* Products */,
			);
			sourceTree = "<group>";
		};
		9982E94B251D26E0006D3EFD /* Products */ = {
			isa = PBXGroup;
			children = (
				9982E94A251D26E0006D3EFD /* Using A Custom View.app */,
			);
			name = Products;
			sourceTree = "<group>";
		};
		9982E94C251D26E0006D3EFD /* Using A Custom View */ = {
			isa = PBXGroup;
			children = (
				9982E962251D26F4006D3EFD /* Support */,
				9982E963251D2743006D3EFD /* RGBView.swift */,
				9982E953251D26E0006D3EFD /* Main.storyboard */,
			);
			path = "Using A Custom View";
			sourceTree = "<group>";
		};
		9982E962251D26F4006D3EFD /* Support */ = {
			isa = PBXGroup;
			children = (
				9982E956251D26E1006D3EFD /* Assets.xcassets */,
				9982E958251D26E1006D3EFD /* LaunchScreen.storyboard */,
				9982E94F251D26E0006D3EFD /* SceneDelegate.swift */,
				9982E94D251D26E0006D3EFD /* AppDelegate.swift */,
				9982E951251D26E0006D3EFD /* ViewController.swift */,
				9982E95B251D26E1006D3EFD /* Info.plist */,
			);
			path = Support;
			sourceTree = "<group>";
		};
/* End PBXGroup section */

/* Begin PBXNativeTarget section */
		9982E949251D26E0006D3EFD /* Using A Custom View */ = {
			isa = PBXNativeTarget;
			buildConfigurationList = 9982E95E251D26E1006D3EFD /* Build configuration list for PBXNativeTarget "Using A Custom View" */;
			buildPhases = (
				9982E946251D26E0006D3EFD /* Sources */,
				9982E947251D26E0006D3EFD /* Frameworks */,
				9982E948251D26E0006D3EFD /* Resources */,
			);
			buildRules = (
			);
			dependencies = (
			);
			name = "Using A Custom View";
			productName = "Using A Custom View";
			productReference = 9982E94A251D26E0006D3EFD /* Using A Custom View.app */;
			productType = "com.apple.product-type.application";
		};
/* End PBXNativeTarget section */

/* Begin PBXProject section */
		9982E942251D26E0006D3EFD /* Project object */ = {
			isa = PBXProject;
			attributes = {
				LastSwiftUpdateCheck = 1200;
				LastUpgradeCheck = 1200;
				TargetAttributes = {
					9982E949251D26E0006D3EFD = {
						CreatedOnToolsVersion = 12.0;
					};
				};
			};
			buildConfigurationList = 9982E945251D26E0006D3EFD /* Build configuration list for PBXProject "Using A Custom View" */;
			compatibilityVersion = "Xcode 9.3";
			developmentRegion = en;
			hasScannedForEncodings = 0;
			knownRegions = (
				en,
				Base,
			);
			mainGroup = 9982E941251D26E0006D3EFD;
			productRefGroup = 9982E94B251D26E0006D3EFD /* Products */;
			projectDirPath = "";
			projectRoot = "";
			targets = (
				9982E949251D26E0006D3EFD /* Using A Custom View */,
			);
		};
/* End PBXProject section */

/* Begin PBXResourcesBuildPhase section */
		9982E948251D26E0006D3EFD /* Resources */ = {
			isa = PBXResourcesBuildPhase;
			buildActionMask = 2147483647;
			files = (
				9982E95A251D26E1006D3EFD /* LaunchScreen.storyboard in Resources */,
				9982E957251D26E1006D3EFD /* Assets.xcassets in Resources */,
				9982E955251D26E0006D3EFD /* Main.storyboard in Resources */,
			);
			runOnlyForDeploymentPostprocessing = 0;
		};
/* End PBXResourcesBuildPhase section */

/* Begin PBXSourcesBuildPhase section */
		9982E946251D26E0006D3EFD /* Sources */ = {
			isa = PBXSourcesBuildPhase;
			buildActionMask = 2147483647;
			files = (
				9982E952251D26E0006D3EFD /* ViewController.swift in Sources */,
				9982E94E251D26E0006D3EFD /* AppDelegate.swift in Sources */,
				9982E964251D2743006D3EFD /* RGBView.swift in Sources */,
				9982E950251D26E0006D3EFD /* SceneDelegate.swift in Sources */,
			);
			runOnlyForDeploymentPostprocessing = 0;
		};
/* End PBXSourcesBuildPhase section */

/* Begin PBXVariantGroup section */
		9982E953251D26E0006D3EFD /* Main.storyboard */ = {
			isa = PBXVariantGroup;
			children = (
				9982E954251D26E0006D3EFD /* Base */,
			);
			name = Main.storyboard;
			sourceTree = "<group>";
		};
		9982E958251D26E1006D3EFD /* LaunchScreen.storyboard */ = {
			isa = PBXVariantGroup;
			children = (
				9982E959251D26E1006D3EFD /* Base */,
			);
			name = LaunchScreen.storyboard;
			sourceTree = "<group>";
		};
/* End PBXVariantGroup section */

/* Begin XCBuildConfiguration section */
		9982E95C251D26E1006D3EFD /* Debug */ = {
			isa = XCBuildConfiguration;
			buildSettings = {
				ALWAYS_SEARCH_USER_PATHS = NO;
				CLANG_ANALYZER_NONNULL = YES;
				CLANG_ANALYZER_NUMBER_OBJECT_CONVERSION = YES_AGGRESSIVE;
				CLANG_CXX_LANGUAGE_STANDARD = "gnu++14";
				CLANG_CXX_LIBRARY = "libc++";
				CLANG_ENABLE_MODULES = YES;
				CLANG_ENABLE_OBJC_ARC = YES;
				CLANG_ENABLE_OBJC_WEAK = YES;
				CLANG_WARN_BLOCK_CAPTURE_AUTORELEASING = YES;
				CLANG_WARN_BOOL_CONVERSION = YES;
				CLANG_WARN_COMMA = YES;
				CLANG_WARN_CONSTANT_CONVERSION = YES;
				CLANG_WARN_DEPRECATED_OBJC_IMPLEMENTATIONS = YES;
				CLANG_WARN_DIRECT_OBJC_ISA_USAGE = YES_ERROR;
				CLANG_WARN_DOCUMENTATION_COMMENTS = YES;
				CLANG_WARN_EMPTY_BODY = YES;
				CLANG_WARN_ENUM_CONVERSION = YES;
				CLANG_WARN_INFINITE_RECURSION = YES;
				CLANG_WARN_INT_CONVERSION = YES;
				CLANG_WARN_NON_LITERAL_NULL_CONVERSION = YES;
				CLANG_WARN_OBJC_IMPLICIT_RETAIN_SELF = YES;
				CLANG_WARN_OBJC_LITERAL_CONVERSION = YES;
				CLANG_WARN_OBJC_ROOT_CLASS = YES_ERROR;
				CLANG_WARN_QUOTED_INCLUDE_IN_FRAMEWORK_HEADER = YES;
				CLANG_WARN_RANGE_LOOP_ANALYSIS = YES;
				CLANG_WARN_STRICT_PROTOTYPES = YES;
				CLANG_WARN_SUSPICIOUS_MOVE = YES;
				CLANG_WARN_UNGUARDED_AVAILABILITY = YES_AGGRESSIVE;
				CLANG_WARN_UNREACHABLE_CODE = YES;
				CLANG_WARN__DUPLICATE_METHOD_MATCH = YES;
				COPY_PHASE_STRIP = NO;
				DEBUG_INFORMATION_FORMAT = dwarf;
				ENABLE_STRICT_OBJC_MSGSEND = YES;
				ENABLE_TESTABILITY = YES;
				GCC_C_LANGUAGE_STANDARD = gnu11;
				GCC_DYNAMIC_NO_PIC = NO;
				GCC_NO_COMMON_BLOCKS = YES;
				GCC_OPTIMIZATION_LEVEL = 0;
				GCC_PREPROCESSOR_DEFINITIONS = (
					"DEBUG=1",
					"$(inherited)",
				);
				GCC_WARN_64_TO_32_BIT_CONVERSION = YES;
				GCC_WARN_ABOUT_RETURN_TYPE = YES_ERROR;
				GCC_WARN_UNDECLARED_SELECTOR = YES;
				GCC_WARN_UNINITIALIZED_AUTOS = YES_AGGRESSIVE;
				GCC_WARN_UNUSED_FUNCTION = YES;
				GCC_WARN_UNUSED_VARIABLE = YES;
				IPHONEOS_DEPLOYMENT_TARGET = 14.0;
				MTL_ENABLE_DEBUG_INFO = INCLUDE_SOURCE;
				MTL_FAST_MATH = YES;
				ONLY_ACTIVE_ARCH = YES;
				SDKROOT = iphoneos;
				SWIFT_ACTIVE_COMPILATION_CONDITIONS = DEBUG;
				SWIFT_OPTIMIZATION_LEVEL = "-Onone";
			};
			name = Debug;
		};
		9982E95D251D26E1006D3EFD /* Release */ = {
			isa = XCBuildConfiguration;
			buildSettings = {
				ALWAYS_SEARCH_USER_PATHS = NO;
				CLANG_ANALYZER_NONNULL = YES;
				CLANG_ANALYZER_NUMBER_OBJECT_CONVERSION = YES_AGGRESSIVE;
				CLANG_CXX_LANGUAGE_STANDARD = "gnu++14";
				CLANG_CXX_LIBRARY = "libc++";
				CLANG_ENABLE_MODULES = YES;
				CLANG_ENABLE_OBJC_ARC = YES;
				CLANG_ENABLE_OBJC_WEAK = YES;
				CLANG_WARN_BLOCK_CAPTURE_AUTORELEASING = YES;
				CLANG_WARN_BOOL_CONVERSION = YES;
				CLANG_WARN_COMMA = YES;
				CLANG_WARN_CONSTANT_CONVERSION = YES;
				CLANG_WARN_DEPRECATED_OBJC_IMPLEMENTATIONS = YES;
				CLANG_WARN_DIRECT_OBJC_ISA_USAGE = YES_ERROR;
				CLANG_WARN_DOCUMENTATION_COMMENTS = YES;
				CLANG_WARN_EMPTY_BODY = YES;
				CLANG_WARN_ENUM_CONVERSION = YES;
				CLANG_WARN_INFINITE_RECURSION = YES;
				CLANG_WARN_INT_CONVERSION = YES;
				CLANG_WARN_NON_LITERAL_NULL_CONVERSION = YES;
				CLANG_WARN_OBJC_IMPLICIT_RETAIN_SELF = YES;
				CLANG_WARN_OBJC_LITERAL_CONVERSION = YES;
				CLANG_WARN_OBJC_ROOT_CLASS = YES_ERROR;
				CLANG_WARN_QUOTED_INCLUDE_IN_FRAMEWORK_HEADER = YES;
				CLANG_WARN_RANGE_LOOP_ANALYSIS = YES;
				CLANG_WARN_STRICT_PROTOTYPES = YES;
				CLANG_WARN_SUSPICIOUS_MOVE = YES;
				CLANG_WARN_UNGUARDED_AVAILABILITY = YES_AGGRESSIVE;
				CLANG_WARN_UNREACHABLE_CODE = YES;
				CLANG_WARN__DUPLICATE_METHOD_MATCH = YES;
				COPY_PHASE_STRIP = NO;
				DEBUG_INFORMATION_FORMAT = "dwarf-with-dsym";
				ENABLE_NS_ASSERTIONS = NO;
				ENABLE_STRICT_OBJC_MSGSEND = YES;
				GCC_C_LANGUAGE_STANDARD = gnu11;
				GCC_NO_COMMON_BLOCKS = YES;
				GCC_WARN_64_TO_32_BIT_CONVERSION = YES;
				GCC_WARN_ABOUT_RETURN_TYPE = YES_ERROR;
				GCC_WARN_UNDECLARED_SELECTOR = YES;
				GCC_WARN_UNINITIALIZED_AUTOS = YES_AGGRESSIVE;
				GCC_WARN_UNUSED_FUNCTION = YES;
				GCC_WARN_UNUSED_VARIABLE = YES;
				IPHONEOS_DEPLOYMENT_TARGET = 14.0;
				MTL_ENABLE_DEBUG_INFO = NO;
				MTL_FAST_MATH = YES;
				SDKROOT = iphoneos;
				SWIFT_COMPILATION_MODE = wholemodule;
				SWIFT_OPTIMIZATION_LEVEL = "-O";
				VALIDATE_PRODUCT = YES;
			};
			name = Release;
		};
		9982E95F251D26E1006D3EFD /* Debug */ = {
			isa = XCBuildConfiguration;
			buildSettings = {
				ASSETCATALOG_COMPILER_APPICON_NAME = AppIcon;
				ASSETCATALOG_COMPILER_GLOBAL_ACCENT_COLOR_NAME = AccentColor;
				CODE_SIGN_STYLE = Automatic;
				DEVELOPMENT_TEAM = ZPNFSD9RWC;
				INFOPLIST_FILE = "Using A Custom View/Support/Info.plist";
				LD_RUNPATH_SEARCH_PATHS = (
					"$(inherited)",
					"@executable_path/Frameworks",
				);
				PRODUCT_BUNDLE_IDENTIFIER = "com.study.modernautolayout.vstarasevich.Using-A-Custom-View";
				PRODUCT_NAME = "$(TARGET_NAME)";
				SWIFT_VERSION = 5.0;
				TARGETED_DEVICE_FAMILY = "1,2";
			};
			name = Debug;
		};
		9982E960251D26E1006D3EFD /* Release */ = {
			isa = XCBuildConfiguration;
			buildSettings = {
				ASSETCATALOG_COMPILER_APPICON_NAME = AppIcon;
				ASSETCATALOG_COMPILER_GLOBAL_ACCENT_COLOR_NAME = AccentColor;
				CODE_SIGN_STYLE = Automatic;
				DEVELOPMENT_TEAM = ZPNFSD9RWC;
				INFOPLIST_FILE = "Using A Custom View/Support/Info.plist";
				LD_RUNPATH_SEARCH_PATHS = (
					"$(inherited)",
					"@executable_path/Frameworks",
				);
				PRODUCT_BUNDLE_IDENTIFIER = "com.study.modernautolayout.vstarasevich.Using-A-Custom-View";
				PRODUCT_NAME = "$(TARGET_NAME)";
				SWIFT_VERSION = 5.0;
				TARGETED_DEVICE_FAMILY = "1,2";
			};
			name = Release;
		};
/* End XCBuildConfiguration section */

/* Begin XCConfigurationList section */
		9982E945251D26E0006D3EFD /* Build configuration list for PBXProject "Using A Custom View" */ = {
			isa = XCConfigurationList;
			buildConfigurations = (
				9982E95C251D26E1006D3EFD /* Debug */,
				9982E95D251D26E1006D3EFD /* Release */,
			);
			defaultConfigurationIsVisible = 0;
			defaultConfigurationName = Release;
		};
		9982E95E251D26E1006D3EFD /* Build configuration list for PBXNativeTarget "Using A Custom View" */ = {
			isa = XCConfigurationList;
			buildConfigurations = (
				9982E95F251D26E1006D3EFD /* Debug */,
				9982E960251D26E1006D3EFD /* Release */,
			);
			defaultConfigurationIsVisible = 0;
			defaultConfigurationName = Release;
		};
/* End XCConfigurationList section */
	};
	rootObject = 9982E942251D26E0006D3EFD /* Project object */;
}
